Microsoft Visual Studio Solution File, Format Version 12.00
# Visual Studio 15
VisualStudioVersion = 15.0.27130.2027
MinimumVisualStudioVersion = 10.0.40219.1
Project("{FAE04EC0-301F-11D3-BF4B-00C04F79EFBC}") = "MrMood.Api", "mr-mood\MrMood.Api.csproj", "{A438B45B-279F-4EC1-AC65-3A257D8DF01D}"
EndProject
Project("{FAE04EC0-301F-11D3-BF4B-00C04F79EFBC}") = "MrMood.Domain", "domain\MrMood.Domain.csproj", "{DFBEBBFF-A9B9-473E-AD88-960F4658B00A}"
EndProject
Project("{FAE04EC0-301F-11D3-BF4B-00C04F79EFBC}") = "MrMood.BussinessLogic", "BussinessLogic\MrMood.BussinessLogic.csproj", "{7119D853-73E5-4F53-A67C-8AE365347F15}"
EndProject
Project("{FAE04EC0-301F-11D3-BF4B-00C04F79EFBC}") = "MrMood.DataAccess", "MrMood.DataAcces\MrMood.DataAccess.csproj", "{EC722771-FDBD-4DC3-9024-863AB7A7A643}"
EndProject
Project("{FAE04EC0-301F-11D3-BF4B-00C04F79EFBC}") = "MrMood.Dto", "MrMood.Dto\MrMood.Dto.csproj", "{0F54D3EB-C1CA-4D16-B644-C01953599D48}"
EndProject
Global
	GlobalSection(SolutionConfigurationPlatforms) = preSolution
		Debug|Any CPU = Debug|Any CPU
		Release|Any CPU = Release|Any CPU
	EndGlobalSection
	GlobalSection(ProjectConfigurationPlatforms) = postSolution
		{A438B45B-279F-4EC1-AC65-3A257D8DF01D}.Debug|Any CPU.ActiveCfg = Debug|Any CPU
		{A438B45B-279F-4EC1-AC65-3A257D8DF01D}.Debug|Any CPU.Build.0 = Debug|Any CPU
		{A438B45B-279F-4EC1-AC65-3A257D8DF01D}.Release|Any CPU.ActiveCfg = Release|Any CPU
		{A438B45B-279F-4EC1-AC65-3A257D8DF01D}.Release|Any CPU.Build.0 = Release|Any CPU
		{DFBEBBFF-A9B9-473E-AD88-960F4658B00A}.Debug|Any CPU.ActiveCfg = Debug|Any CPU
		{DFBEBBFF-A9B9-473E-AD88-960F4658B00A}.Debug|Any CPU.Build.0 = Debug|Any CPU
		{DFBEBBFF-A9B9-473E-AD88-960F4658B00A}.Release|Any CPU.ActiveCfg = Release|Any CPU
		{DFBEBBFF-A9B9-473E-AD88-960F4658B00A}.Release|Any CPU.Build.0 = Release|Any CPU
		{7119D853-73E5-4F53-A67C-8AE365347F15}.Debug|Any CPU.ActiveCfg = Debug|Any CPU
		{7119D853-73E5-4F53-A67C-8AE365347F15}.Debug|Any CPU.Build.0 = Debug|Any CPU
		{7119D853-73E5-4F53-A67C-8AE365347F15}.Release|Any CPU.ActiveCfg = Release|Any CPU
		{7119D853-73E5-4F53-A67C-8AE365347F15}.Release|Any CPU.Build.0 = Release|Any CPU
		{EC722771-FDBD-4DC3-9024-863AB7A7A643}.Debug|Any CPU.ActiveCfg = Debug|Any CPU
		{EC722771-FDBD-4DC3-9024-863AB7A7A643}.Debug|Any CPU.Build.0 = Debug|Any CPU
		{EC722771-FDBD-4DC3-9024-863AB7A7A643}.Release|Any CPU.ActiveCfg = Release|Any CPU
		{EC722771-FDBD-4DC3-9024-863AB7A7A643}.Release|Any CPU.Build.0 = Release|Any CPU
		{0F54D3EB-C1CA-4D16-B644-C01953599D48}.Debug|Any CPU.ActiveCfg = Debug|Any CPU
		{0F54D3EB-C1CA-4D16-B644-C01953599D48}.Debug|Any CPU.Build.0 = Debug|Any CPU
		{0F54D3EB-C1CA-4D16-B644-C01953599D48}.Release|Any CPU.ActiveCfg = Release|Any CPU
		{0F54D3EB-C1CA-4D16-B644-C01953599D48}.Release|Any CPU.Build.0 = Release|Any CPU
	EndGlobalSection
	GlobalSection(SolutionProperties) = preSolution
		HideSolutionNode = FALSE
	EndGlobalSection
	GlobalSection(ExtensibilityGlobals) = postSolution
		SolutionGuid = {32FD00C2-2B78-4E49-8AD5-78A5BBA8FBB0}
	EndGlobalSection
EndGlobal
