
Microsoft Visual Studio Solution File, Format Version 12.00
# Visual Studio 2012
Project("{FAE04EC0-301F-11D3-BF4B-00C04F79EFBC}") = "Api", "mr-mood\Api.csproj", "{A438B45B-279F-4EC1-AC65-3A257D8DF01D}"
EndProject
Project("{FAE04EC0-301F-11D3-BF4B-00C04F79EFBC}") = "Domain", "domain\domain.csproj", "{DFBEBBFF-A9B9-473E-AD88-960F4658B00A}"
EndProject
Global
	GlobalSection(SolutionConfigurationPlatforms) = preSolution
		Debug|Any CPU = Debug|Any CPU
		Release|Any CPU = Release|Any CPU
	EndGlobalSection
	GlobalSection(ProjectConfigurationPlatforms) = postSolution
		{A438B45B-279F-4EC1-AC65-3A257D8DF01D}.Debug|Any CPU.ActiveCfg = Debug|Any CPU
		{A438B45B-279F-4EC1-AC65-3A257D8DF01D}.Debug|Any CPU.Build.0 = Debug|Any CPU
		{A438B45B-279F-4EC1-AC65-3A257D8DF01D}.Release|Any CPU.ActiveCfg = Release|Any CPU
		{A438B45B-279F-4EC1-AC65-3A257D8DF01D}.Release|Any CPU.Build.0 = Release|Any CPU
		{DFBEBBFF-A9B9-473E-AD88-960F4658B00A}.Debug|Any CPU.ActiveCfg = Debug|Any CPU
		{DFBEBBFF-A9B9-473E-AD88-960F4658B00A}.Debug|Any CPU.Build.0 = Debug|Any CPU
		{DFBEBBFF-A9B9-473E-AD88-960F4658B00A}.Release|Any CPU.ActiveCfg = Release|Any CPU
		{DFBEBBFF-A9B9-473E-AD88-960F4658B00A}.Release|Any CPU.Build.0 = Release|Any CPU
	EndGlobalSection
EndGlobal
